
Microsoft Visual Studio Solution File, Format Version 12.00
# Visual Studio Version 17
VisualStudioVersion = 17.14.36212.18 d17.14
MinimumVisualStudioVersion = 10.0.40219.1
Project("{FAE04EC0-301F-11D3-BF4B-00C04F79EFBC}") = "SampleCodeActivity1", "SampleCodeActivity1\SampleCodeActivity1.csproj", "{F6F1D432-8802-41FA-9248-045B16153B51}"
EndProject
Global
	GlobalSection(SolutionConfigurationPlatforms) = preSolution
		Debug|Any CPU = Debug|Any CPU
		Release|Any CPU = Release|Any CPU
	EndGlobalSection
	GlobalSection(ProjectConfigurationPlatforms) = postSolution
		{F6F1D432-8802-41FA-9248-045B16153B51}.Debug|Any CPU.ActiveCfg = Debug|Any CPU
		{F6F1D432-8802-41FA-9248-045B16153B51}.Debug|Any CPU.Build.0 = Debug|Any CPU
		{F6F1D432-8802-41FA-9248-045B16153B51}.Release|Any CPU.ActiveCfg = Release|Any CPU
		{F6F1D432-8802-41FA-9248-045B16153B51}.Release|Any CPU.Build.0 = Release|Any CPU
	EndGlobalSection
	GlobalSection(SolutionProperties) = preSolution
		HideSolutionNode = FALSE
	EndGlobalSection
	GlobalSection(ExtensibilityGlobals) = postSolution
		SolutionGuid = {F75BB3BB-0FB2-4698-ADD3-9CEB3B72445F}
	EndGlobalSection
EndGlobal
